<?xml version="1.0" encoding="utf-8"?>
<Project ToolsVersion="4.0" xmlns="http://schemas.microsoft.com/developer/msbuild/2003">
  <ItemGroup>
    <Filter Include="源文件">
      <UniqueIdentifier>{4FC737F1-C7A5-4376-A066-2A32D752A2FF}</UniqueIdentifier>
      <Extensions>cpp;c;cc;cxx;def;odl;idl;hpj;bat;asm;asmx</Extensions>
    </Filter>
    <Filter Include="头文件">
      <UniqueIdentifier>{93995380-89BD-4b04-88EB-625FBE52EBFB}</UniqueIdentifier>
      <Extensions>h;hpp;hxx;hm;inl;inc;xsd</Extensions>
    </Filter>
    <Filter Include="资源文件">
      <UniqueIdentifier>{67DA6AB6-F800-4c08-8B7A-83BB121AAD01}</UniqueIdentifier>
      <Extensions>rc;ico;cur;bmp;dlg;rc2;rct;bin;rgs;gif;jpg;jpeg;jpe;resx;tiff;tif;png;wav;mfcribbon-ms</Extensions>
    </Filter>
  </ItemGroup>
  <ItemGroup>
    <Text Include="ReadMe.txt" />
  </ItemGroup>
  <ItemGroup>
    <ClInclude Include="ControlCenter.h">
      <Filter>头文件</Filter>
    </ClInclude>
    <ClInclude Include="ControlCenterDlg.h">
      <Filter>头文件</Filter>
    </ClInclude>
    <ClInclude Include="stdafx.h">
      <Filter>头文件</Filter>
    </ClInclude>
    <ClInclude Include="targetver.h">
      <Filter>头文件</Filter>
    </ClInclude>
    <ClInclude Include="Resource.h">
      <Filter>头文件</Filter>
    </ClInclude>
    <ClInclude Include="Service.h">
      <Filter>头文件</Filter>
    </ClInclude>
    <ClInclude Include="DoorSock.h">
      <Filter>头文件</Filter>
    </ClInclude>
    <ClInclude Include="ListenSock.h">
      <Filter>头文件</Filter>
    </ClInclude>
    <ClInclude Include="Message.h">
      <Filter>头文件</Filter>
    </ClInclude>
    <ClInclude Include="PeerTreeDlg.h">
      <Filter>头文件</Filter>
    </ClInclude>
    <ClInclude Include="MonitorSession.h">
      <Filter>头文件</Filter>
    </ClInclude>
    <ClInclude Include="ShareSession.h">
      <Filter>头文件</Filter>
    </ClInclude>
    <ClInclude Include="GroupNameDlg.h">
      <Filter>头文件</Filter>
    </ClInclude>
    <ClInclude Include="GroupChooseDlg.h">
      <Filter>头文件</Filter>
    </ClInclude>
    <ClInclude Include="ShareSessionDlg.h">
      <Filter>头文件</Filter>
    </ClInclude>
    <ClInclude Include="MonitorSessionDlg.h">
      <Filter>头文件</Filter>
    </ClInclude>
    <ClInclude Include="NewShareSessionDlg.h">
      <Filter>头文件</Filter>
    </ClInclude>
    <ClInclude Include="SockCommand.h">
      <Filter>头文件</Filter>
    </ClInclude>
    <ClInclude Include="NewMonitorSessionDlg.h">
      <Filter>头文件</Filter>
    </ClInclude>
    <ClInclude Include="MonitorViewerDlg.h">
      <Filter>头文件</Filter>
    </ClInclude>
    <ClInclude Include="ViewerCtrl.h">
      <Filter>头文件</Filter>
    </ClInclude>
    <ClInclude Include="rdpviewer1.h">
      <Filter>头文件</Filter>
    </ClInclude>
    <ClInclude Include="ViewerDlg.h">
      <Filter>头文件</Filter>
    </ClInclude>
    <ClInclude Include="HandDlg.h">
      <Filter>头文件</Filter>
    </ClInclude>
    <ClInclude Include="ControlDlg.h">
      <Filter>头文件</Filter>
    </ClInclude>
    <ClInclude Include="SettingDlg.h">
      <Filter>头文件</Filter>
    </ClInclude>
    <ClInclude Include="TrayIcon.h">
      <Filter>头文件</Filter>
    </ClInclude>
    <ClInclude Include="FullScreenOpDlg.h">
      <Filter>头文件</Filter>
    </ClInclude>
  </ItemGroup>
  <ItemGroup>
    <ClCompile Include="ControlCenter.cpp">
      <Filter>源文件</Filter>
    </ClCompile>
    <ClCompile Include="ControlCenterDlg.cpp">
      <Filter>源文件</Filter>
    </ClCompile>
    <ClCompile Include="stdafx.cpp">
      <Filter>源文件</Filter>
    </ClCompile>
    <ClCompile Include="Service.cpp">
      <Filter>源文件</Filter>
    </ClCompile>
    <ClCompile Include="DoorSock.cpp">
      <Filter>源文件</Filter>
    </ClCompile>
    <ClCompile Include="ListenSock.cpp">
      <Filter>源文件</Filter>
    </ClCompile>
    <ClCompile Include="PeerTreeDlg.cpp">
      <Filter>源文件</Filter>
    </ClCompile>
    <ClCompile Include="MonitorSession.cpp">
      <Filter>源文件</Filter>
    </ClCompile>
    <ClCompile Include="ShareSession.cpp">
      <Filter>源文件</Filter>
    </ClCompile>
    <ClCompile Include="GroupNameDlg.cpp">
      <Filter>源文件</Filter>
    </ClCompile>
    <ClCompile Include="GroupChooseDlg.cpp">
      <Filter>源文件</Filter>
    </ClCompile>
    <ClCompile Include="ShareSessionDlg.cpp">
      <Filter>源文件</Filter>
    </ClCompile>
    <ClCompile Include="MonitorSessionDlg.cpp">
      <Filter>源文件</Filter>
    </ClCompile>
    <ClCompile Include="NewShareSessionDlg.cpp">
      <Filter>源文件</Filter>
    </ClCompile>
    <ClCompile Include="NewMonitorSessionDlg.cpp">
      <Filter>源文件</Filter>
    </ClCompile>
    <ClCompile Include="MonitorViewerDlg.cpp">
      <Filter>源文件</Filter>
    </ClCompile>
    <ClCompile Include="ViewerCtrl.cpp">
      <Filter>源文件</Filter>
    </ClCompile>
    <ClCompile Include="rdpviewer1.cpp">
      <Filter>源文件</Filter>
    </ClCompile>
    <ClCompile Include="ViewerDlg.cpp">
      <Filter>源文件</Filter>
    </ClCompile>
    <ClCompile Include="HandDlg.cpp">
      <Filter>源文件</Filter>
    </ClCompile>
    <ClCompile Include="ControlDlg.cpp">
      <Filter>源文件</Filter>
    </ClCompile>
    <ClCompile Include="SettingDlg.cpp">
      <Filter>源文件</Filter>
    </ClCompile>
    <ClCompile Include="TrayIcon.cpp">
      <Filter>源文件</Filter>
    </ClCompile>
    <ClCompile Include="FullScreenOpDlg.cpp">
      <Filter>源文件</Filter>
    </ClCompile>
  </ItemGroup>
  <ItemGroup>
    <ResourceCompile Include="ControlCenter.rc">
      <Filter>资源文件</Filter>
    </ResourceCompile>
  </ItemGroup>
  <ItemGroup>
    <None Include="res\ControlCenter.rc2">
      <Filter>资源文件</Filter>
    </None>
  </ItemGroup>
  <ItemGroup>
    <Image Include="res\ControlCenter.ico">
      <Filter>资源文件</Filter>
    </Image>
    <Image Include="res\group.ico">
      <Filter>资源文件</Filter>
    </Image>
    <Image Include="res\offlinePeer.ico">
      <Filter>资源文件</Filter>
    </Image>
    <Image Include="res\peer.ico">
      <Filter>资源文件</Filter>
    </Image>
    <Image Include="res\world.ico">
      <Filter>资源文件</Filter>
    </Image>
    <Image Include="res\started.ico">
      <Filter>资源文件</Filter>
    </Image>
    <Image Include="res\stopped.ico">
      <Filter>资源文件</Filter>
    </Image>
  </ItemGroup>
</Project>